
Microsoft Visual Studio Solution File, Format Version 12.00
# Visual Studio Version 16
VisualStudioVersion = 16.0.31829.152
MinimumVisualStudioVersion = 10.0.40219.1
Project("{FAE04EC0-301F-11D3-BF4B-00C04F79EFBC}") = "ClientBackend", "ClientBackend\ClientBackend.csproj", "{2D180013-1ABE-499C-BC65-38BAC721A084}"
EndProject
Global
	GlobalSection(SolutionConfigurationPlatforms) = preSolution
		Debug|Any CPU = Debug|Any CPU
		Release|Any CPU = Release|Any CPU
	EndGlobalSection
	GlobalSection(ProjectConfigurationPlatforms) = postSolution
		{2D180013-1ABE-499C-BC65-38BAC721A084}.Debug|Any CPU.ActiveCfg = Debug|Any CPU
		{2D180013-1ABE-499C-BC65-38BAC721A084}.Debug|Any CPU.Build.0 = Debug|Any CPU
		{2D180013-1ABE-499C-BC65-38BAC721A084}.Release|Any CPU.ActiveCfg = Release|Any CPU
		{2D180013-1ABE-499C-BC65-38BAC721A084}.Release|Any CPU.Build.0 = Release|Any CPU
	EndGlobalSection
	GlobalSection(SolutionProperties) = preSolution
		HideSolutionNode = FALSE
	EndGlobalSection
	GlobalSection(ExtensibilityGlobals) = postSolution
		SolutionGuid = {A7DCA9D5-503C-4F4E-A0FA-1E3DBA1C7797}
	EndGlobalSection
EndGlobal
