
Microsoft Visual Studio Solution File, Format Version 12.00
# Visual Studio Version 17
VisualStudioVersion = 17.0.31912.275
MinimumVisualStudioVersion = 10.0.40219.1
Project("{9A19103F-16F7-4668-BE54-9A1E7A4F7556}") = "Computer.Client.Host", "Computer.Client.Host\Computer.Client.Host.csproj", "{0583C31E-9E99-46B6-B6C6-5875DBB3F94B}"
EndProject
Project("{9A19103F-16F7-4668-BE54-9A1E7A4F7556}") = "Computer.Client.Domain", "Computer.Client.Domain\Computer.Client.Domain.csproj", "{3273A7EF-8537-4B30-88B8-3CAEF9850E7A}"
EndProject
Project("{FAE04EC0-301F-11D3-BF4B-00C04F79EFBC}") = "Computer.Client.Domain.Contracts", "Computer.Client.Domain.Contracts\Computer.Client.Domain.Contracts.csproj", "{0EF2F255-F06D-43EF-A341-D5C6F49BB2BE}"
EndProject
Project("{FAE04EC0-301F-11D3-BF4B-00C04F79EFBC}") = "Computer.Client.App", "Computer.Client.App\Computer.Client.App.csproj", "{F8D12002-087E-4AFA-89B2-8D4C8984FAC4}"
EndProject
Global
	GlobalSection(SolutionConfigurationPlatforms) = preSolution
		Debug|Any CPU = Debug|Any CPU
		Release|Any CPU = Release|Any CPU
	EndGlobalSection
	GlobalSection(ProjectConfigurationPlatforms) = postSolution
		{0583C31E-9E99-46B6-B6C6-5875DBB3F94B}.Debug|Any CPU.ActiveCfg = Debug|Any CPU
		{0583C31E-9E99-46B6-B6C6-5875DBB3F94B}.Debug|Any CPU.Build.0 = Debug|Any CPU
		{0583C31E-9E99-46B6-B6C6-5875DBB3F94B}.Release|Any CPU.ActiveCfg = Release|Any CPU
		{0583C31E-9E99-46B6-B6C6-5875DBB3F94B}.Release|Any CPU.Build.0 = Release|Any CPU
		{3273A7EF-8537-4B30-88B8-3CAEF9850E7A}.Debug|Any CPU.ActiveCfg = Debug|Any CPU
		{3273A7EF-8537-4B30-88B8-3CAEF9850E7A}.Debug|Any CPU.Build.0 = Debug|Any CPU
		{3273A7EF-8537-4B30-88B8-3CAEF9850E7A}.Release|Any CPU.ActiveCfg = Release|Any CPU
		{3273A7EF-8537-4B30-88B8-3CAEF9850E7A}.Release|Any CPU.Build.0 = Release|Any CPU
		{0EF2F255-F06D-43EF-A341-D5C6F49BB2BE}.Debug|Any CPU.ActiveCfg = Debug|Any CPU
		{0EF2F255-F06D-43EF-A341-D5C6F49BB2BE}.Debug|Any CPU.Build.0 = Debug|Any CPU
		{0EF2F255-F06D-43EF-A341-D5C6F49BB2BE}.Release|Any CPU.ActiveCfg = Release|Any CPU
		{0EF2F255-F06D-43EF-A341-D5C6F49BB2BE}.Release|Any CPU.Build.0 = Release|Any CPU
		{F8D12002-087E-4AFA-89B2-8D4C8984FAC4}.Debug|Any CPU.ActiveCfg = Debug|Any CPU
		{F8D12002-087E-4AFA-89B2-8D4C8984FAC4}.Debug|Any CPU.Build.0 = Debug|Any CPU
		{F8D12002-087E-4AFA-89B2-8D4C8984FAC4}.Release|Any CPU.ActiveCfg = Release|Any CPU
		{F8D12002-087E-4AFA-89B2-8D4C8984FAC4}.Release|Any CPU.Build.0 = Release|Any CPU
	EndGlobalSection
	GlobalSection(SolutionProperties) = preSolution
		HideSolutionNode = FALSE
	EndGlobalSection
	GlobalSection(ExtensibilityGlobals) = postSolution
		SolutionGuid = {06C6D538-438B-4F9B-9DA8-CBB7C7505EFD}
	EndGlobalSection
EndGlobal
